
Microsoft Visual Studio Solution File, Format Version 12.00
# Visual Studio Version 16
VisualStudioVersion = 16.0.30804.86
MinimumVisualStudioVersion = 10.0.40219.1
Project("{FAE04EC0-301F-11D3-BF4B-00C04F79EFBC}") = "SampleAKSConsole", "SampleAKSConsole.csproj", "{237DE098-827B-4A64-888C-E07B531D53FB}"
EndProject
Global
	GlobalSection(SolutionConfigurationPlatforms) = preSolution
		Debug|Any CPU = Debug|Any CPU
		Release|Any CPU = Release|Any CPU
	EndGlobalSection
	GlobalSection(ProjectConfigurationPlatforms) = postSolution
		{237DE098-827B-4A64-888C-E07B531D53FB}.Debug|Any CPU.ActiveCfg = Debug|Any CPU
		{237DE098-827B-4A64-888C-E07B531D53FB}.Debug|Any CPU.Build.0 = Debug|Any CPU
		{237DE098-827B-4A64-888C-E07B531D53FB}.Release|Any CPU.ActiveCfg = Release|Any CPU
		{237DE098-827B-4A64-888C-E07B531D53FB}.Release|Any CPU.Build.0 = Release|Any CPU
	EndGlobalSection
	GlobalSection(SolutionProperties) = preSolution
		HideSolutionNode = FALSE
	EndGlobalSection
	GlobalSection(ExtensibilityGlobals) = postSolution
		SolutionGuid = {E09342C5-57EF-430C-9091-F6C9D7DBA6B8}
	EndGlobalSection
EndGlobal
